// !$*UTF8*$!
{
	archiveVersion = 1;
	classes = {
	};
	objectVersion = 46;
	objects = {

/* Begin PBXBuildFile section */
		259524F518C610DF006EEAFA /* Foundation.framework in Frameworks */ = {isa = PBXBuildFile; fileRef = 259524F418C610DF006EEAFA /* Foundation.framework */; };
		259524F718C610DF006EEAFA /* CoreGraphics.framework in Frameworks */ = {isa = PBXBuildFile; fileRef = 259524F618C610DF006EEAFA /* CoreGraphics.framework */; };
		259524F918C610DF006EEAFA /* UIKit.framework in Frameworks */ = {isa = PBXBuildFile; fileRef = 259524F818C610DF006EEAFA /* UIKit.framework */; };
		259524FF18C610DF006EEAFA /* InfoPlist.strings in Resources */ = {isa = PBXBuildFile; fileRef = 259524FD18C610DF006EEAFA /* InfoPlist.strings */; };
		2595250118C610DF006EEAFA /* main.m in Sources */ = {isa = PBXBuildFile; fileRef = 2595250018C610DF006EEAFA /* main.m */; };
		2595250518C610DF006EEAFA /* SWAppDelegate.m in Sources */ = {isa = PBXBuildFile; fileRef = 2595250418C610DF006EEAFA /* SWAppDelegate.m */; };
		2595251018C610DF006EEAFA /* Images.xcassets in Resources */ = {isa = PBXBuildFile; fileRef = 2595250F18C610DF006EEAFA /* Images.xcassets */; };
		2595251718C610DF006EEAFA /* XCTest.framework in Frameworks */ = {isa = PBXBuildFile; fileRef = 2595251618C610DF006EEAFA /* XCTest.framework */; };
		2595251818C610DF006EEAFA /* Foundation.framework in Frameworks */ = {isa = PBXBuildFile; fileRef = 259524F418C610DF006EEAFA /* Foundation.framework */; };
		2595251918C610DF006EEAFA /* UIKit.framework in Frameworks */ = {isa = PBXBuildFile; fileRef = 259524F818C610DF006EEAFA /* UIKit.framework */; };
		2595252118C610DF006EEAFA /* InfoPlist.strings in Resources */ = {isa = PBXBuildFile; fileRef = 2595251F18C610DF006EEAFA /* InfoPlist.strings */; };
		2595252318C610DF006EEAFA /* SwivlDSLRTests.m in Sources */ = {isa = PBXBuildFile; fileRef = 2595252218C610DF006EEAFA /* SwivlDSLRTests.m */; };
		2595253418C6141C006EEAFA /* Main_iPad.storyboard in Resources */ = {isa = PBXBuildFile; fileRef = 2595252E18C6141C006EEAFA /* Main_iPad.storyboard */; };
		2595253518C6141C006EEAFA /* Main_iPhone.storyboard in Resources */ = {isa = PBXBuildFile; fileRef = 2595253018C6141C006EEAFA /* Main_iPhone.storyboard */; };
		2595253618C6141C006EEAFA /* SWMainViewController.m in Sources */ = {isa = PBXBuildFile; fileRef = 2595253318C6141C006EEAFA /* SWMainViewController.m */; };
		2595254218C61BA2006EEAFA /* base_off.png in Resources */ = {isa = PBXBuildFile; fileRef = 2595253A18C61BA2006EEAFA /* base_off.png */; };
		2595254318C61BA2006EEAFA /* base_off@2x.png in Resources */ = {isa = PBXBuildFile; fileRef = 2595253B18C61BA2006EEAFA /* base_off@2x.png */; };
		2595254418C61BA2006EEAFA /* batery_off.png in Resources */ = {isa = PBXBuildFile; fileRef = 2595253C18C61BA2006EEAFA /* batery_off.png */; };
		2595254518C61BA2006EEAFA /* batery_off@2x.png in Resources */ = {isa = PBXBuildFile; fileRef = 2595253D18C61BA2006EEAFA /* batery_off@2x.png */; };
		2595254618C61BA2006EEAFA /* capture_normal.png in Resources */ = {isa = PBXBuildFile; fileRef = 2595253E18C61BA2006EEAFA /* capture_normal.png */; };
		2595254718C61BA2006EEAFA /* capture_normal@2x.png in Resources */ = {isa = PBXBuildFile; fileRef = 2595253F18C61BA2006EEAFA /* capture_normal@2x.png */; };
		2595254818C61BA2006EEAFA /* capture_pressed.png in Resources */ = {isa = PBXBuildFile; fileRef = 2595254018C61BA2006EEAFA /* capture_pressed.png */; };
		2595254918C61BA2006EEAFA /* capture_pressed@2x.png in Resources */ = {isa = PBXBuildFile; fileRef = 2595254118C61BA2006EEAFA /* capture_pressed@2x.png */; };
		2595255018C62190006EEAFA /* timelapse_distance.png in Resources */ = {isa = PBXBuildFile; fileRef = 2595254B18C6218F006EEAFA /* timelapse_distance.png */; };
		2595255118C62190006EEAFA /* timelapse_step.png in Resources */ = {isa = PBXBuildFile; fileRef = 2595254C18C6218F006EEAFA /* timelapse_step.png */; };
		2595255218C62190006EEAFA /* timelapse_direction_1.png in Resources */ = {isa = PBXBuildFile; fileRef = 2595254D18C6218F006EEAFA /* timelapse_direction_1.png */; };
		2595255418C62190006EEAFA /* timelapse_time_between_pictures.png in Resources */ = {isa = PBXBuildFile; fileRef = 2595254F18C6218F006EEAFA /* timelapse_time_between_pictures.png */; };
		2595255618C6229D006EEAFA /* timelapse_direction_2.png in Resources */ = {isa = PBXBuildFile; fileRef = 2595255518C6229D006EEAFA /* timelapse_direction_2.png */; };
		25ADC23D18C724A400CEB6A7 /* timelapse_recording_time.png in Resources */ = {isa = PBXBuildFile; fileRef = 25ADC23C18C724A400CEB6A7 /* timelapse_recording_time.png */; };
		64612A26A3EA462A895D8788 /* libPods-SwivlDSLR.a in Frameworks */ = {isa = PBXBuildFile; fileRef = 15D8180D3830431B85CA07BC /* libPods-SwivlDSLR.a */; };
		F9BBBAC788B14B99AF8252EE /* libPods-SwivlDSLRTests.a in Frameworks */ = {isa = PBXBuildFile; fileRef = 7A4BCFD640834A729BC853D0 /* libPods-SwivlDSLRTests.a */; };
/* End PBXBuildFile section */

/* Begin PBXContainerItemProxy section */
		2595251A18C610DF006EEAFA /* PBXContainerItemProxy */ = {
			isa = PBXContainerItemProxy;
			containerPortal = 259524E918C610DE006EEAFA /* Project object */;
			proxyType = 1;
			remoteGlobalIDString = 259524F018C610DE006EEAFA;
			remoteInfo = SwivlDSLR;
		};
/* End PBXContainerItemProxy section */

/* Begin PBXFileReference section */
		15D8180D3830431B85CA07BC /* libPods-SwivlDSLR.a */ = {isa = PBXFileReference; explicitFileType = archive.ar; includeInIndex = 0; path = "libPods-SwivlDSLR.a"; sourceTree = BUILT_PRODUCTS_DIR; };
		259524F118C610DF006EEAFA /* SwivlDSLR.app */ = {isa = PBXFileReference; explicitFileType = wrapper.application; includeInIndex = 0; path = SwivlDSLR.app; sourceTree = BUILT_PRODUCTS_DIR; };
		259524F418C610DF006EEAFA /* Foundation.framework */ = {isa = PBXFileReference; lastKnownFileType = wrapper.framework; name = Foundation.framework; path = System/Library/Frameworks/Foundation.framework; sourceTree = SDKROOT; };
		259524F618C610DF006EEAFA /* CoreGraphics.framework */ = {isa = PBXFileReference; lastKnownFileType = wrapper.framework; name = CoreGraphics.framework; path = System/Library/Frameworks/CoreGraphics.framework; sourceTree = SDKROOT; };
		259524F818C610DF006EEAFA /* UIKit.framework */ = {isa = PBXFileReference; lastKnownFileType = wrapper.framework; name = UIKit.framework; path = System/Library/Frameworks/UIKit.framework; sourceTree = SDKROOT; };
		259524FC18C610DF006EEAFA /* SwivlDSLR-Info.plist */ = {isa = PBXFileReference; lastKnownFileType = text.plist.xml; path = "SwivlDSLR-Info.plist"; sourceTree = "<group>"; };
		259524FE18C610DF006EEAFA /* en */ = {isa = PBXFileReference; lastKnownFileType = text.plist.strings; name = en; path = en.lproj/InfoPlist.strings; sourceTree = "<group>"; };
		2595250018C610DF006EEAFA /* main.m */ = {isa = PBXFileReference; lastKnownFileType = sourcecode.c.objc; path = main.m; sourceTree = "<group>"; };
		2595250218C610DF006EEAFA /* SwivlDSLR-Prefix.pch */ = {isa = PBXFileReference; lastKnownFileType = sourcecode.c.h; path = "SwivlDSLR-Prefix.pch"; sourceTree = "<group>"; };
		2595250318C610DF006EEAFA /* SWAppDelegate.h */ = {isa = PBXFileReference; lastKnownFileType = sourcecode.c.h; path = SWAppDelegate.h; sourceTree = "<group>"; };
		2595250418C610DF006EEAFA /* SWAppDelegate.m */ = {isa = PBXFileReference; lastKnownFileType = sourcecode.c.objc; path = SWAppDelegate.m; sourceTree = "<group>"; };
		2595250F18C610DF006EEAFA /* Images.xcassets */ = {isa = PBXFileReference; lastKnownFileType = folder.assetcatalog; path = Images.xcassets; sourceTree = "<group>"; };
		2595251518C610DF006EEAFA /* SwivlDSLRTests.xctest */ = {isa = PBXFileReference; explicitFileType = wrapper.cfbundle; includeInIndex = 0; path = SwivlDSLRTests.xctest; sourceTree = BUILT_PRODUCTS_DIR; };
		2595251618C610DF006EEAFA /* XCTest.framework */ = {isa = PBXFileReference; lastKnownFileType = wrapper.framework; name = XCTest.framework; path = Library/Frameworks/XCTest.framework; sourceTree = DEVELOPER_DIR; };
		2595251E18C610DF006EEAFA /* SwivlDSLRTests-Info.plist */ = {isa = PBXFileReference; lastKnownFileType = text.plist.xml; path = "SwivlDSLRTests-Info.plist"; sourceTree = "<group>"; };
		2595252018C610DF006EEAFA /* en */ = {isa = PBXFileReference; lastKnownFileType = text.plist.strings; name = en; path = en.lproj/InfoPlist.strings; sourceTree = "<group>"; };
		2595252218C610DF006EEAFA /* SwivlDSLRTests.m */ = {isa = PBXFileReference; lastKnownFileType = sourcecode.c.objc; path = SwivlDSLRTests.m; sourceTree = "<group>"; };
		2595252F18C6141C006EEAFA /* Base */ = {isa = PBXFileReference; lastKnownFileType = file.storyboard; name = Base; path = Base.lproj/Main_iPad.storyboard; sourceTree = "<group>"; };
		2595253118C6141C006EEAFA /* Base */ = {isa = PBXFileReference; lastKnownFileType = file.storyboard; name = Base; path = Base.lproj/Main_iPhone.storyboard; sourceTree = "<group>"; };
		2595253218C6141C006EEAFA /* SWMainViewController.h */ = {isa = PBXFileReference; fileEncoding = 4; lastKnownFileType = sourcecode.c.h; path = SWMainViewController.h; sourceTree = "<group>"; };
		2595253318C6141C006EEAFA /* SWMainViewController.m */ = {isa = PBXFileReference; fileEncoding = 4; lastKnownFileType = sourcecode.c.objc; path = SWMainViewController.m; sourceTree = "<group>"; };
		2595253A18C61BA2006EEAFA /* base_off.png */ = {isa = PBXFileReference; lastKnownFileType = image.png; path = base_off.png; sourceTree = "<group>"; };
		2595253B18C61BA2006EEAFA /* base_off@2x.png */ = {isa = PBXFileReference; lastKnownFileType = image.png; path = "base_off@2x.png"; sourceTree = "<group>"; };
		2595253C18C61BA2006EEAFA /* batery_off.png */ = {isa = PBXFileReference; lastKnownFileType = image.png; path = batery_off.png; sourceTree = "<group>"; };
		2595253D18C61BA2006EEAFA /* batery_off@2x.png */ = {isa = PBXFileReference; lastKnownFileType = image.png; path = "batery_off@2x.png"; sourceTree = "<group>"; };
		2595253E18C61BA2006EEAFA /* capture_normal.png */ = {isa = PBXFileReference; lastKnownFileType = image.png; path = capture_normal.png; sourceTree = "<group>"; };
		2595253F18C61BA2006EEAFA /* capture_normal@2x.png */ = {isa = PBXFileReference; lastKnownFileType = image.png; path = "capture_normal@2x.png"; sourceTree = "<group>"; };
		2595254018C61BA2006EEAFA /* capture_pressed.png */ = {isa = PBXFileReference; lastKnownFileType = image.png; path = capture_pressed.png; sourceTree = "<group>"; };
		2595254118C61BA2006EEAFA /* capture_pressed@2x.png */ = {isa = PBXFileReference; lastKnownFileType = image.png; path = "capture_pressed@2x.png"; sourceTree = "<group>"; };
		2595254B18C6218F006EEAFA /* timelapse_distance.png */ = {isa = PBXFileReference; lastKnownFileType = image.png; path = timelapse_distance.png; sourceTree = "<group>"; };
		2595254C18C6218F006EEAFA /* timelapse_step.png */ = {isa = PBXFileReference; lastKnownFileType = image.png; path = timelapse_step.png; sourceTree = "<group>"; };
		2595254D18C6218F006EEAFA /* timelapse_direction_1.png */ = {isa = PBXFileReference; lastKnownFileType = image.png; path = timelapse_direction_1.png; sourceTree = "<group>"; };
		2595254F18C6218F006EEAFA /* timelapse_time_between_pictures.png */ = {isa = PBXFileReference; lastKnownFileType = image.png; path = timelapse_time_between_pictures.png; sourceTree = "<group>"; };
		2595255518C6229D006EEAFA /* timelapse_direction_2.png */ = {isa = PBXFileReference; lastKnownFileType = image.png; path = timelapse_direction_2.png; sourceTree = "<group>"; };
		25ADC23C18C724A400CEB6A7 /* timelapse_recording_time.png */ = {isa = PBXFileReference; lastKnownFileType = image.png; path = timelapse_recording_time.png; sourceTree = "<group>"; };
		764732E055B646CC958D7B91 /* Pods-SwivlDSLRTests.xcconfig */ = {isa = PBXFileReference; includeInIndex = 1; lastKnownFileType = text.xcconfig; name = "Pods-SwivlDSLRTests.xcconfig"; path = "Pods/Pods-SwivlDSLRTests.xcconfig"; sourceTree = "<group>"; };
		7A4BCFD640834A729BC853D0 /* libPods-SwivlDSLRTests.a */ = {isa = PBXFileReference; explicitFileType = archive.ar; includeInIndex = 0; path = "libPods-SwivlDSLRTests.a"; sourceTree = BUILT_PRODUCTS_DIR; };
		875D82B5AC324DAD9BEEE66D /* Pods-SwivlDSLR.xcconfig */ = {isa = PBXFileReference; includeInIndex = 1; lastKnownFileType = text.xcconfig; name = "Pods-SwivlDSLR.xcconfig"; path = "Pods/Pods-SwivlDSLR.xcconfig"; sourceTree = "<group>"; };
/* End PBXFileReference section */

/* Begin PBXFrameworksBuildPhase section */
		259524EE18C610DE006EEAFA /* Frameworks */ = {
			isa = PBXFrameworksBuildPhase;
			buildActionMask = 2147483647;
			files = (
				259524F718C610DF006EEAFA /* CoreGraphics.framework in Frameworks */,
				259524F918C610DF006EEAFA /* UIKit.framework in Frameworks */,
				259524F518C610DF006EEAFA /* Foundation.framework in Frameworks */,
				64612A26A3EA462A895D8788 /* libPods-SwivlDSLR.a in Frameworks */,
			);
			runOnlyForDeploymentPostprocessing = 0;
		};
		2595251218C610DF006EEAFA /* Frameworks */ = {
			isa = PBXFrameworksBuildPhase;
			buildActionMask = 2147483647;
			files = (
				2595251718C610DF006EEAFA /* XCTest.framework in Frameworks */,
				2595251918C610DF006EEAFA /* UIKit.framework in Frameworks */,
				2595251818C610DF006EEAFA /* Foundation.framework in Frameworks */,
				F9BBBAC788B14B99AF8252EE /* libPods-SwivlDSLRTests.a in Frameworks */,
			);
			runOnlyForDeploymentPostprocessing = 0;
		};
/* End PBXFrameworksBuildPhase section */

/* Begin PBXGroup section */
		259524E818C610DE006EEAFA = {
			isa = PBXGroup;
			children = (
				259524FA18C610DF006EEAFA /* SwivlDSLR */,
				2595251C18C610DF006EEAFA /* SwivlDSLRTests */,
				259524F318C610DF006EEAFA /* Frameworks */,
				259524F218C610DF006EEAFA /* Products */,
				875D82B5AC324DAD9BEEE66D /* Pods-SwivlDSLR.xcconfig */,
				764732E055B646CC958D7B91 /* Pods-SwivlDSLRTests.xcconfig */,
			);
			sourceTree = "<group>";
		};
		259524F218C610DF006EEAFA /* Products */ = {
			isa = PBXGroup;
			children = (
				259524F118C610DF006EEAFA /* SwivlDSLR.app */,
				2595251518C610DF006EEAFA /* SwivlDSLRTests.xctest */,
			);
			name = Products;
			sourceTree = "<group>";
		};
		259524F318C610DF006EEAFA /* Frameworks */ = {
			isa = PBXGroup;
			children = (
				259524F418C610DF006EEAFA /* Foundation.framework */,
				259524F618C610DF006EEAFA /* CoreGraphics.framework */,
				259524F818C610DF006EEAFA /* UIKit.framework */,
				2595251618C610DF006EEAFA /* XCTest.framework */,
				15D8180D3830431B85CA07BC /* libPods-SwivlDSLR.a */,
				7A4BCFD640834A729BC853D0 /* libPods-SwivlDSLRTests.a */,
			);
			name = Frameworks;
			sourceTree = "<group>";
		};
		259524FA18C610DF006EEAFA /* SwivlDSLR */ = {
			isa = PBXGroup;
			children = (
				2595250318C610DF006EEAFA /* SWAppDelegate.h */,
				2595250418C610DF006EEAFA /* SWAppDelegate.m */,
				2595252C18C6141C006EEAFA /* CORE */,
				2595252D18C6141C006EEAFA /* GUI */,
				2595253718C61BA2006EEAFA /* Resourses */,
				2595250F18C610DF006EEAFA /* Images.xcassets */,
				259524FB18C610DF006EEAFA /* Supporting Files */,
			);
			path = SwivlDSLR;
			sourceTree = "<group>";
		};
		259524FB18C610DF006EEAFA /* Supporting Files */ = {
			isa = PBXGroup;
			children = (
				259524FC18C610DF006EEAFA /* SwivlDSLR-Info.plist */,
				259524FD18C610DF006EEAFA /* InfoPlist.strings */,
				2595250018C610DF006EEAFA /* main.m */,
				2595250218C610DF006EEAFA /* SwivlDSLR-Prefix.pch */,
			);
			name = "Supporting Files";
			sourceTree = "<group>";
		};
		2595251C18C610DF006EEAFA /* SwivlDSLRTests */ = {
			isa = PBXGroup;
			children = (
				2595252218C610DF006EEAFA /* SwivlDSLRTests.m */,
				2595251D18C610DF006EEAFA /* Supporting Files */,
			);
			path = SwivlDSLRTests;
			sourceTree = "<group>";
		};
		2595251D18C610DF006EEAFA /* Supporting Files */ = {
			isa = PBXGroup;
			children = (
				2595251E18C610DF006EEAFA /* SwivlDSLRTests-Info.plist */,
				2595251F18C610DF006EEAFA /* InfoPlist.strings */,
			);
			name = "Supporting Files";
			sourceTree = "<group>";
		};
		2595252C18C6141C006EEAFA /* CORE */ = {
			isa = PBXGroup;
			children = (
			);
			path = CORE;
			sourceTree = "<group>";
		};
		2595252D18C6141C006EEAFA /* GUI */ = {
			isa = PBXGroup;
			children = (
				2595252E18C6141C006EEAFA /* Main_iPad.storyboard */,
				2595253018C6141C006EEAFA /* Main_iPhone.storyboard */,
				2595253218C6141C006EEAFA /* SWMainViewController.h */,
				2595253318C6141C006EEAFA /* SWMainViewController.m */,
			);
			path = GUI;
			sourceTree = "<group>";
		};
		2595253718C61BA2006EEAFA /* Resourses */ = {
			isa = PBXGroup;
			children = (
				2595253818C61BA2006EEAFA /* Images */,
			);
			path = Resourses;
			sourceTree = "<group>";
		};
		2595253818C61BA2006EEAFA /* Images */ = {
			isa = PBXGroup;
			children = (
				2595253918C61BA2006EEAFA /* Main Screen */,
			);
			path = Images;
			sourceTree = "<group>";
		};
		2595253918C61BA2006EEAFA /* Main Screen */ = {
			isa = PBXGroup;
			children = (
				2595254A18C6218F006EEAFA /* Time-lapse */,
				2595253A18C61BA2006EEAFA /* base_off.png */,
				2595253B18C61BA2006EEAFA /* base_off@2x.png */,
				2595253C18C61BA2006EEAFA /* batery_off.png */,
				2595253D18C61BA2006EEAFA /* batery_off@2x.png */,
				2595253E18C61BA2006EEAFA /* capture_normal.png */,
				2595253F18C61BA2006EEAFA /* capture_normal@2x.png */,
				2595254018C61BA2006EEAFA /* capture_pressed.png */,
				2595254118C61BA2006EEAFA /* capture_pressed@2x.png */,
			);
			path = "Main Screen";
			sourceTree = "<group>";
		};
		2595254A18C6218F006EEAFA /* Time-lapse */ = {
			isa = PBXGroup;
			children = (
				2595254B18C6218F006EEAFA /* timelapse_distance.png */,
				2595254C18C6218F006EEAFA /* timelapse_step.png */,
				2595254D18C6218F006EEAFA /* timelapse_direction_1.png */,
				2595255518C6229D006EEAFA /* timelapse_direction_2.png */,
				25ADC23C18C724A400CEB6A7 /* timelapse_recording_time.png */,
				2595254F18C6218F006EEAFA /* timelapse_time_between_pictures.png */,
			);
			path = "Time-lapse";
			sourceTree = "<group>";
		};
/* End PBXGroup section */

/* Begin PBXNativeTarget section */
		259524F018C610DE006EEAFA /* SwivlDSLR */ = {
			isa = PBXNativeTarget;
			buildConfigurationList = 2595252618C610DF006EEAFA /* Build configuration list for PBXNativeTarget "SwivlDSLR" */;
			buildPhases = (
				80C9C7DD5E274045B5AF68AA /* Check Pods Manifest.lock */,
				259524ED18C610DE006EEAFA /* Sources */,
				259524EE18C610DE006EEAFA /* Frameworks */,
				259524EF18C610DE006EEAFA /* Resources */,
				08BBA113A332494091052C36 /* Copy Pods Resources */,
			);
			buildRules = (
			);
			dependencies = (
			);
			name = SwivlDSLR;
			productName = SwivlDSLR;
			productReference = 259524F118C610DF006EEAFA /* SwivlDSLR.app */;
			productType = "com.apple.product-type.application";
		};
		2595251418C610DF006EEAFA /* SwivlDSLRTests */ = {
			isa = PBXNativeTarget;
			buildConfigurationList = 2595252918C610DF006EEAFA /* Build configuration list for PBXNativeTarget "SwivlDSLRTests" */;
			buildPhases = (
				8E1EEF2D3E054EB1B3607713 /* Check Pods Manifest.lock */,
				2595251118C610DF006EEAFA /* Sources */,
				2595251218C610DF006EEAFA /* Frameworks */,
				2595251318C610DF006EEAFA /* Resources */,
				22BB44A4624F4E47A55EBD64 /* Copy Pods Resources */,
			);
			buildRules = (
			);
			dependencies = (
				2595251B18C610DF006EEAFA /* PBXTargetDependency */,
			);
			name = SwivlDSLRTests;
			productName = SwivlDSLRTests;
			productReference = 2595251518C610DF006EEAFA /* SwivlDSLRTests.xctest */;
			productType = "com.apple.product-type.bundle.unit-test";
		};
/* End PBXNativeTarget section */

/* Begin PBXProject section */
		259524E918C610DE006EEAFA /* Project object */ = {
			isa = PBXProject;
			attributes = {
				CLASSPREFIX = SW;
				LastUpgradeCheck = 0500;
				ORGANIZATIONNAME = Swivl;
				TargetAttributes = {
					2595251418C610DF006EEAFA = {
						TestTargetID = 259524F018C610DE006EEAFA;
					};
				};
			};
			buildConfigurationList = 259524EC18C610DE006EEAFA /* Build configuration list for PBXProject "SwivlDSLR" */;
			compatibilityVersion = "Xcode 3.2";
			developmentRegion = English;
			hasScannedForEncodings = 0;
			knownRegions = (
				en,
				Base,
			);
			mainGroup = 259524E818C610DE006EEAFA;
			productRefGroup = 259524F218C610DF006EEAFA /* Products */;
			projectDirPath = "";
			projectRoot = "";
			targets = (
				259524F018C610DE006EEAFA /* SwivlDSLR */,
				2595251418C610DF006EEAFA /* SwivlDSLRTests */,
			);
		};
/* End PBXProject section */

/* Begin PBXResourcesBuildPhase section */
		259524EF18C610DE006EEAFA /* Resources */ = {
			isa = PBXResourcesBuildPhase;
			buildActionMask = 2147483647;
			files = (
				2595254418C61BA2006EEAFA /* batery_off.png in Resources */,
				2595255218C62190006EEAFA /* timelapse_direction_1.png in Resources */,
				2595254618C61BA2006EEAFA /* capture_normal.png in Resources */,
				2595254718C61BA2006EEAFA /* capture_normal@2x.png in Resources */,
				2595253518C6141C006EEAFA /* Main_iPhone.storyboard in Resources */,
				2595253418C6141C006EEAFA /* Main_iPad.storyboard in Resources */,
				2595255018C62190006EEAFA /* timelapse_distance.png in Resources */,
				2595254218C61BA2006EEAFA /* base_off.png in Resources */,
				2595255418C62190006EEAFA /* timelapse_time_between_pictures.png in Resources */,
				2595255118C62190006EEAFA /* timelapse_step.png in Resources */,
				2595254318C61BA2006EEAFA /* base_off@2x.png in Resources */,
				25ADC23D18C724A400CEB6A7 /* timelapse_recording_time.png in Resources */,
				2595254818C61BA2006EEAFA /* capture_pressed.png in Resources */,
				2595254918C61BA2006EEAFA /* capture_pressed@2x.png in Resources */,
				2595251018C610DF006EEAFA /* Images.xcassets in Resources */,
				259524FF18C610DF006EEAFA /* InfoPlist.strings in Resources */,
				2595254518C61BA2006EEAFA /* batery_off@2x.png in Resources */,
				2595255618C6229D006EEAFA /* timelapse_direction_2.png in Resources */,
			);
			runOnlyForDeploymentPostprocessing = 0;
		};
		2595251318C610DF006EEAFA /* Resources */ = {
			isa = PBXResourcesBuildPhase;
			buildActionMask = 2147483647;
			files = (
				2595252118C610DF006EEAFA /* InfoPlist.strings in Resources */,
			);
			runOnlyForDeploymentPostprocessing = 0;
		};
/* End PBXResourcesBuildPhase section */

/* Begin PBXShellScriptBuildPhase section */
		08BBA113A332494091052C36 /* Copy Pods Resources */ = {
			isa = PBXShellScriptBuildPhase;
			buildActionMask = 2147483647;
			files = (
			);
			inputPaths = (
			);
			name = "Copy Pods Resources";
			outputPaths = (
			);
			runOnlyForDeploymentPostprocessing = 0;
			shellPath = /bin/sh;
			shellScript = "\"${SRCROOT}/Pods/Pods-SwivlDSLR-resources.sh\"\n";
			showEnvVarsInLog = 0;
		};
		22BB44A4624F4E47A55EBD64 /* Copy Pods Resources */ = {
			isa = PBXShellScriptBuildPhase;
			buildActionMask = 2147483647;
			files = (
			);
			inputPaths = (
			);
			name = "Copy Pods Resources";
			outputPaths = (
			);
			runOnlyForDeploymentPostprocessing = 0;
			shellPath = /bin/sh;
			shellScript = "\"${SRCROOT}/Pods/Pods-SwivlDSLRTests-resources.sh\"\n";
			showEnvVarsInLog = 0;
		};
		80C9C7DD5E274045B5AF68AA /* Check Pods Manifest.lock */ = {
			isa = PBXShellScriptBuildPhase;
			buildActionMask = 2147483647;
			files = (
			);
			inputPaths = (
			);
			name = "Check Pods Manifest.lock";
			outputPaths = (
			);
			runOnlyForDeploymentPostprocessing = 0;
			shellPath = /bin/sh;
			shellScript = "diff \"${PODS_ROOT}/../Podfile.lock\" \"${PODS_ROOT}/Manifest.lock\" > /dev/null\nif [[ $? != 0 ]] ; then\n    cat << EOM\nerror: The sandbox is not in sync with the Podfile.lock. Run 'pod install' or update your CocoaPods installation.\nEOM\n    exit 1\nfi\n";
			showEnvVarsInLog = 0;
		};
		8E1EEF2D3E054EB1B3607713 /* Check Pods Manifest.lock */ = {
			isa = PBXShellScriptBuildPhase;
			buildActionMask = 2147483647;
			files = (
			);
			inputPaths = (
			);
			name = "Check Pods Manifest.lock";
			outputPaths = (
			);
			runOnlyForDeploymentPostprocessing = 0;
			shellPath = /bin/sh;
			shellScript = "diff \"${PODS_ROOT}/../Podfile.lock\" \"${PODS_ROOT}/Manifest.lock\" > /dev/null\nif [[ $? != 0 ]] ; then\n    cat << EOM\nerror: The sandbox is not in sync with the Podfile.lock. Run 'pod install' or update your CocoaPods installation.\nEOM\n    exit 1\nfi\n";
			showEnvVarsInLog = 0;
		};
/* End PBXShellScriptBuildPhase section */

/* Begin PBXSourcesBuildPhase section */
		259524ED18C610DE006EEAFA /* Sources */ = {
			isa = PBXSourcesBuildPhase;
			buildActionMask = 2147483647;
			files = (
				2595253618C6141C006EEAFA /* SWMainViewController.m in Sources */,
				2595250518C610DF006EEAFA /* SWAppDelegate.m in Sources */,
				2595250118C610DF006EEAFA /* main.m in Sources */,
			);
			runOnlyForDeploymentPostprocessing = 0;
		};
		2595251118C610DF006EEAFA /* Sources */ = {
			isa = PBXSourcesBuildPhase;
			buildActionMask = 2147483647;
			files = (
				2595252318C610DF006EEAFA /* SwivlDSLRTests.m in Sources */,
			);
			runOnlyForDeploymentPostprocessing = 0;
		};
/* End PBXSourcesBuildPhase section */

/* Begin PBXTargetDependency section */
		2595251B18C610DF006EEAFA /* PBXTargetDependency */ = {
			isa = PBXTargetDependency;
			target = 259524F018C610DE006EEAFA /* SwivlDSLR */;
			targetProxy = 2595251A18C610DF006EEAFA /* PBXContainerItemProxy */;
		};
/* End PBXTargetDependency section */

/* Begin PBXVariantGroup section */
		259524FD18C610DF006EEAFA /* InfoPlist.strings */ = {
			isa = PBXVariantGroup;
			children = (
				259524FE18C610DF006EEAFA /* en */,
			);
			name = InfoPlist.strings;
			sourceTree = "<group>";
		};
		2595251F18C610DF006EEAFA /* InfoPlist.strings */ = {
			isa = PBXVariantGroup;
			children = (
				2595252018C610DF006EEAFA /* en */,
			);
			name = InfoPlist.strings;
			sourceTree = "<group>";
		};
		2595252E18C6141C006EEAFA /* Main_iPad.storyboard */ = {
			isa = PBXVariantGroup;
			children = (
				2595252F18C6141C006EEAFA /* Base */,
			);
			name = Main_iPad.storyboard;
			sourceTree = "<group>";
		};
		2595253018C6141C006EEAFA /* Main_iPhone.storyboard */ = {
			isa = PBXVariantGroup;
			children = (
				2595253118C6141C006EEAFA /* Base */,
			);
			name = Main_iPhone.storyboard;
			sourceTree = "<group>";
		};
/* End PBXVariantGroup section */

/* Begin XCBuildConfiguration section */
		2595252418C610DF006EEAFA /* Debug */ = {
			isa = XCBuildConfiguration;
			buildSettings = {
				ALWAYS_SEARCH_USER_PATHS = NO;
				ARCHS = "$(ARCHS_STANDARD_INCLUDING_64_BIT)";
				CLANG_CXX_LANGUAGE_STANDARD = "gnu++0x";
				CLANG_CXX_LIBRARY = "libc++";
				CLANG_ENABLE_MODULES = YES;
				CLANG_ENABLE_OBJC_ARC = YES;
				CLANG_WARN_BOOL_CONVERSION = YES;
				CLANG_WARN_CONSTANT_CONVERSION = YES;
				CLANG_WARN_DIRECT_OBJC_ISA_USAGE = YES_ERROR;
				CLANG_WARN_EMPTY_BODY = YES;
				CLANG_WARN_ENUM_CONVERSION = YES;
				CLANG_WARN_INT_CONVERSION = YES;
				CLANG_WARN_OBJC_ROOT_CLASS = YES_ERROR;
				CLANG_WARN__DUPLICATE_METHOD_MATCH = YES;
				"CODE_SIGN_IDENTITY[sdk=iphoneos*]" = "iPhone Developer";
				COPY_PHASE_STRIP = NO;
				GCC_C_LANGUAGE_STANDARD = gnu99;
				GCC_DYNAMIC_NO_PIC = NO;
				GCC_OPTIMIZATION_LEVEL = 0;
				GCC_PREPROCESSOR_DEFINITIONS = (
					"DEBUG=1",
					"$(inherited)",
				);
				GCC_SYMBOLS_PRIVATE_EXTERN = NO;
				GCC_WARN_64_TO_32_BIT_CONVERSION = YES;
				GCC_WARN_ABOUT_RETURN_TYPE = YES_ERROR;
				GCC_WARN_UNDECLARED_SELECTOR = YES;
				GCC_WARN_UNINITIALIZED_AUTOS = YES;
				GCC_WARN_UNUSED_FUNCTION = YES;
				GCC_WARN_UNUSED_VARIABLE = YES;
				IPHONEOS_DEPLOYMENT_TARGET = 7.0;
				ONLY_ACTIVE_ARCH = YES;
				SDKROOT = iphoneos;
				TARGETED_DEVICE_FAMILY = "1,2";
			};
			name = Debug;
		};
		2595252518C610DF006EEAFA /* Release */ = {
			isa = XCBuildConfiguration;
			buildSettings = {
				ALWAYS_SEARCH_USER_PATHS = NO;
				ARCHS = "$(ARCHS_STANDARD_INCLUDING_64_BIT)";
				CLANG_CXX_LANGUAGE_STANDARD = "gnu++0x";
				CLANG_CXX_LIBRARY = "libc++";
				CLANG_ENABLE_MODULES = YES;
				CLANG_ENABLE_OBJC_ARC = YES;
				CLANG_WARN_BOOL_CONVERSION = YES;
				CLANG_WARN_CONSTANT_CONVERSION = YES;
				CLANG_WARN_DIRECT_OBJC_ISA_USAGE = YES_ERROR;
				CLANG_WARN_EMPTY_BODY = YES;
				CLANG_WARN_ENUM_CONVERSION = YES;
				CLANG_WARN_INT_CONVERSION = YES;
				CLANG_WARN_OBJC_ROOT_CLASS = YES_ERROR;
				CLANG_WARN__DUPLICATE_METHOD_MATCH = YES;
				"CODE_SIGN_IDENTITY[sdk=iphoneos*]" = "iPhone Developer";
				COPY_PHASE_STRIP = YES;
				ENABLE_NS_ASSERTIONS = NO;
				GCC_C_LANGUAGE_STANDARD = gnu99;
				GCC_WARN_64_TO_32_BIT_CONVERSION = YES;
				GCC_WARN_ABOUT_RETURN_TYPE = YES_ERROR;
				GCC_WARN_UNDECLARED_SELECTOR = YES;
				GCC_WARN_UNINITIALIZED_AUTOS = YES;
				GCC_WARN_UNUSED_FUNCTION = YES;
				GCC_WARN_UNUSED_VARIABLE = YES;
				IPHONEOS_DEPLOYMENT_TARGET = 7.0;
				SDKROOT = iphoneos;
				TARGETED_DEVICE_FAMILY = "1,2";
				VALIDATE_PRODUCT = YES;
			};
			name = Release;
		};
		2595252718C610DF006EEAFA /* Debug */ = {
			isa = XCBuildConfiguration;
			baseConfigurationReference = 875D82B5AC324DAD9BEEE66D /* Pods-SwivlDSLR.xcconfig */;
			buildSettings = {
				ASSETCATALOG_COMPILER_APPICON_NAME = AppIcon;
				ASSETCATALOG_COMPILER_LAUNCHIMAGE_NAME = LaunchImage;
				GCC_PRECOMPILE_PREFIX_HEADER = YES;
				GCC_PREFIX_HEADER = "SwivlDSLR/SwivlDSLR-Prefix.pch";
				INFOPLIST_FILE = "SwivlDSLR/SwivlDSLR-Info.plist";
				PRODUCT_NAME = "$(TARGET_NAME)";
				WRAPPER_EXTENSION = app;
			};
			name = Debug;
		};
		2595252818C610DF006EEAFA /* Release */ = {
			isa = XCBuildConfiguration;
			baseConfigurationReference = 875D82B5AC324DAD9BEEE66D /* Pods-SwivlDSLR.xcconfig */;
			buildSettings = {
				ASSETCATALOG_COMPILER_APPICON_NAME = AppIcon;
				ASSETCATALOG_COMPILER_LAUNCHIMAGE_NAME = LaunchImage;
				GCC_PRECOMPILE_PREFIX_HEADER = YES;
				GCC_PREFIX_HEADER = "SwivlDSLR/SwivlDSLR-Prefix.pch";
				INFOPLIST_FILE = "SwivlDSLR/SwivlDSLR-Info.plist";
				PRODUCT_NAME = "$(TARGET_NAME)";
				WRAPPER_EXTENSION = app;
			};
			name = Release;
		};
		2595252A18C610DF006EEAFA /* Debug */ = {
			isa = XCBuildConfiguration;
			baseConfigurationReference = 764732E055B646CC958D7B91 /* Pods-SwivlDSLRTests.xcconfig */;
			buildSettings = {
				ARCHS = "$(ARCHS_STANDARD_INCLUDING_64_BIT)";
				BUNDLE_LOADER = "$(BUILT_PRODUCTS_DIR)/SwivlDSLR.app/SwivlDSLR";
				FRAMEWORK_SEARCH_PATHS = (
					"$(SDKROOT)/Developer/Library/Frameworks",
					"$(inherited)",
					"$(DEVELOPER_FRAMEWORKS_DIR)",
				);
				GCC_PRECOMPILE_PREFIX_HEADER = YES;
				GCC_PREFIX_HEADER = "SwivlDSLR/SwivlDSLR-Prefix.pch";
				GCC_PREPROCESSOR_DEFINITIONS = (
					"DEBUG=1",
					"$(inherited)",
				);
				INFOPLIST_FILE = "SwivlDSLRTests/SwivlDSLRTests-Info.plist";
				PRODUCT_NAME = "$(TARGET_NAME)";
				TEST_HOST = "$(BUNDLE_LOADER)";
				WRAPPER_EXTENSION = xctest;
			};
			name = Debug;
		};
		2595252B18C610DF006EEAFA /* Release */ = {
			isa = XCBuildConfiguration;
			baseConfigurationReference = 764732E055B646CC958D7B91 /* Pods-SwivlDSLRTests.xcconfig */;
			buildSettings = {
				ARCHS = "$(ARCHS_STANDARD_INCLUDING_64_BIT)";
				BUNDLE_LOADER = "$(BUILT_PRODUCTS_DIR)/SwivlDSLR.app/SwivlDSLR";
				FRAMEWORK_SEARCH_PATHS = (
					"$(SDKROOT)/Developer/Library/Frameworks",
					"$(inherited)",
					"$(DEVELOPER_FRAMEWORKS_DIR)",
				);
				GCC_PRECOMPILE_PREFIX_HEADER = YES;
				GCC_PREFIX_HEADER = "SwivlDSLR/SwivlDSLR-Prefix.pch";
				INFOPLIST_FILE = "SwivlDSLRTests/SwivlDSLRTests-Info.plist";
				PRODUCT_NAME = "$(TARGET_NAME)";
				TEST_HOST = "$(BUNDLE_LOADER)";
				WRAPPER_EXTENSION = xctest;
			};
			name = Release;
		};
/* End XCBuildConfiguration section */

/* Begin XCConfigurationList section */
		259524EC18C610DE006EEAFA /* Build configuration list for PBXProject "SwivlDSLR" */ = {
			isa = XCConfigurationList;
			buildConfigurations = (
				2595252418C610DF006EEAFA /* Debug */,
				2595252518C610DF006EEAFA /* Release */,
			);
			defaultConfigurationIsVisible = 0;
			defaultConfigurationName = Release;
		};
		2595252618C610DF006EEAFA /* Build configuration list for PBXNativeTarget "SwivlDSLR" */ = {
			isa = XCConfigurationList;
			buildConfigurations = (
				2595252718C610DF006EEAFA /* Debug */,
				2595252818C610DF006EEAFA /* Release */,
			);
			defaultConfigurationIsVisible = 0;
			defaultConfigurationName = Release;
		};
		2595252918C610DF006EEAFA /* Build configuration list for PBXNativeTarget "SwivlDSLRTests" */ = {
			isa = XCConfigurationList;
			buildConfigurations = (
				2595252A18C610DF006EEAFA /* Debug */,
				2595252B18C610DF006EEAFA /* Release */,
			);
			defaultConfigurationIsVisible = 0;
			defaultConfigurationName = Release;
		};
/* End XCConfigurationList section */
	};
	rootObject = 259524E918C610DE006EEAFA /* Project object */;
}
